
Microsoft Visual Studio Solution File, Format Version 12.00
# Visual Studio Version 17
VisualStudioVersion = 17.10.35013.160
MinimumVisualStudioVersion = 10.0.40219.1
Project("{FAE04EC0-301F-11D3-BF4B-00C04F79EFBC}") = "HrModule", "HrModule\HrModule.csproj", "{D483CD36-8B81-4B03-912B-C0D7946230DA}"
EndProject
Project("{FAE04EC0-301F-11D3-BF4B-00C04F79EFBC}") = "Application", "Application\Application.csproj", "{D0A1C995-CB80-4989-973F-7B4321F54483}"
EndProject
Project("{FAE04EC0-301F-11D3-BF4B-00C04F79EFBC}") = "Domain", "Domain\Domain.csproj", "{68D7F8A0-051C-402E-825F-8E83406B4DA8}"
EndProject
Project("{FAE04EC0-301F-11D3-BF4B-00C04F79EFBC}") = "Infrastructure", "Infrastructure\Infrastructure.csproj", "{2E59697F-6C58-431C-A780-D450AF6FF3BA}"
EndProject
Project("{2150E333-8FDC-42A3-9474-1A3956D46DE8}") = "Tests", "Tests", "{1D4A47C9-10DF-4CA6-9CE2-94D329ECA0F8}"
EndProject
Project("{FAE04EC0-301F-11D3-BF4B-00C04F79EFBC}") = "Domain.Tests", "Tests\Domain.Tests\Domain.Tests.csproj", "{65007417-A19B-4D04-ABCB-4D6B07601267}"
EndProject
Project("{FAE04EC0-301F-11D3-BF4B-00C04F79EFBC}") = "Application.Tests", "Tests\Application.Tests\Application.Tests.csproj", "{2C19734F-A6FB-44DF-A71D-4FBD50B4A184}"
EndProject
Global
	GlobalSection(SolutionConfigurationPlatforms) = preSolution
		Debug|Any CPU = Debug|Any CPU
		Release|Any CPU = Release|Any CPU
	EndGlobalSection
	GlobalSection(ProjectConfigurationPlatforms) = postSolution
		{D483CD36-8B81-4B03-912B-C0D7946230DA}.Debug|Any CPU.ActiveCfg = Debug|Any CPU
		{D483CD36-8B81-4B03-912B-C0D7946230DA}.Debug|Any CPU.Build.0 = Debug|Any CPU
		{D483CD36-8B81-4B03-912B-C0D7946230DA}.Release|Any CPU.ActiveCfg = Release|Any CPU
		{D483CD36-8B81-4B03-912B-C0D7946230DA}.Release|Any CPU.Build.0 = Release|Any CPU
		{D0A1C995-CB80-4989-973F-7B4321F54483}.Debug|Any CPU.ActiveCfg = Debug|Any CPU
		{D0A1C995-CB80-4989-973F-7B4321F54483}.Debug|Any CPU.Build.0 = Debug|Any CPU
		{D0A1C995-CB80-4989-973F-7B4321F54483}.Release|Any CPU.ActiveCfg = Release|Any CPU
		{D0A1C995-CB80-4989-973F-7B4321F54483}.Release|Any CPU.Build.0 = Release|Any CPU
		{68D7F8A0-051C-402E-825F-8E83406B4DA8}.Debug|Any CPU.ActiveCfg = Debug|Any CPU
		{68D7F8A0-051C-402E-825F-8E83406B4DA8}.Debug|Any CPU.Build.0 = Debug|Any CPU
		{68D7F8A0-051C-402E-825F-8E83406B4DA8}.Release|Any CPU.ActiveCfg = Release|Any CPU
		{68D7F8A0-051C-402E-825F-8E83406B4DA8}.Release|Any CPU.Build.0 = Release|Any CPU
		{2E59697F-6C58-431C-A780-D450AF6FF3BA}.Debug|Any CPU.ActiveCfg = Debug|Any CPU
		{2E59697F-6C58-431C-A780-D450AF6FF3BA}.Debug|Any CPU.Build.0 = Debug|Any CPU
		{2E59697F-6C58-431C-A780-D450AF6FF3BA}.Release|Any CPU.ActiveCfg = Release|Any CPU
		{2E59697F-6C58-431C-A780-D450AF6FF3BA}.Release|Any CPU.Build.0 = Release|Any CPU
		{65007417-A19B-4D04-ABCB-4D6B07601267}.Debug|Any CPU.ActiveCfg = Debug|Any CPU
		{65007417-A19B-4D04-ABCB-4D6B07601267}.Debug|Any CPU.Build.0 = Debug|Any CPU
		{65007417-A19B-4D04-ABCB-4D6B07601267}.Release|Any CPU.ActiveCfg = Release|Any CPU
		{65007417-A19B-4D04-ABCB-4D6B07601267}.Release|Any CPU.Build.0 = Release|Any CPU
		{2C19734F-A6FB-44DF-A71D-4FBD50B4A184}.Debug|Any CPU.ActiveCfg = Debug|Any CPU
		{2C19734F-A6FB-44DF-A71D-4FBD50B4A184}.Debug|Any CPU.Build.0 = Debug|Any CPU
		{2C19734F-A6FB-44DF-A71D-4FBD50B4A184}.Release|Any CPU.ActiveCfg = Release|Any CPU
		{2C19734F-A6FB-44DF-A71D-4FBD50B4A184}.Release|Any CPU.Build.0 = Release|Any CPU
	EndGlobalSection
	GlobalSection(SolutionProperties) = preSolution
		HideSolutionNode = FALSE
	EndGlobalSection
	GlobalSection(ExtensibilityGlobals) = postSolution
		SolutionGuid = {B1EF7BA2-CF40-41C3-9A43-B2AD043CF679}
	EndGlobalSection
	GlobalSection(NestedProjects) = preSolution
		{65007417-A19B-4D04-ABCB-4D6B07601267} = {1D4A47C9-10DF-4CA6-9CE2-94D329ECA0F8}
		{2C19734F-A6FB-44DF-A71D-4FBD50B4A184} = {1D4A47C9-10DF-4CA6-9CE2-94D329ECA0F8}
	EndGlobalSection
EndGlobal
